
Microsoft Visual Studio Solution File, Format Version 12.00
# Visual Studio Version 17
VisualStudioVersion = 17.0.31903.59
MinimumVisualStudioVersion = 10.0.40219.1
Project("{FAE04EC0-301F-11D3-BF4B-00C04F79EFBC}") = "API", "API\API.csproj", "{D03581C0-98F9-4BA7-860B-1DFA209EB328}"
EndProject
Project("{FAE04EC0-301F-11D3-BF4B-00C04F79EFBC}") = "Application", "Application\Application.csproj", "{75F02FF8-1FF3-4E2F-9FDB-6AE8AFAA521E}"
EndProject
Project("{FAE04EC0-301F-11D3-BF4B-00C04F79EFBC}") = "Domain", "Domain\Domain.csproj", "{71AA4958-DC4F-4DA2-9E2F-105CC8ABFBED}"
EndProject
Project("{FAE04EC0-301F-11D3-BF4B-00C04F79EFBC}") = "Persistence", "Persistence\Persistence.csproj", "{E1697AF7-15D5-41E8-9433-D384AA7FD09D}"
EndProject
Global
	GlobalSection(SolutionConfigurationPlatforms) = preSolution
		Debug|Any CPU = Debug|Any CPU
		Release|Any CPU = Release|Any CPU
	EndGlobalSection
	GlobalSection(SolutionProperties) = preSolution
		HideSolutionNode = FALSE
	EndGlobalSection
	GlobalSection(ProjectConfigurationPlatforms) = postSolution
		{D03581C0-98F9-4BA7-860B-1DFA209EB328}.Debug|Any CPU.ActiveCfg = Debug|Any CPU
		{D03581C0-98F9-4BA7-860B-1DFA209EB328}.Debug|Any CPU.Build.0 = Debug|Any CPU
		{D03581C0-98F9-4BA7-860B-1DFA209EB328}.Release|Any CPU.ActiveCfg = Release|Any CPU
		{D03581C0-98F9-4BA7-860B-1DFA209EB328}.Release|Any CPU.Build.0 = Release|Any CPU
		{75F02FF8-1FF3-4E2F-9FDB-6AE8AFAA521E}.Debug|Any CPU.ActiveCfg = Debug|Any CPU
		{75F02FF8-1FF3-4E2F-9FDB-6AE8AFAA521E}.Debug|Any CPU.Build.0 = Debug|Any CPU
		{75F02FF8-1FF3-4E2F-9FDB-6AE8AFAA521E}.Release|Any CPU.ActiveCfg = Release|Any CPU
		{75F02FF8-1FF3-4E2F-9FDB-6AE8AFAA521E}.Release|Any CPU.Build.0 = Release|Any CPU
		{71AA4958-DC4F-4DA2-9E2F-105CC8ABFBED}.Debug|Any CPU.ActiveCfg = Debug|Any CPU
		{71AA4958-DC4F-4DA2-9E2F-105CC8ABFBED}.Debug|Any CPU.Build.0 = Debug|Any CPU
		{71AA4958-DC4F-4DA2-9E2F-105CC8ABFBED}.Release|Any CPU.ActiveCfg = Release|Any CPU
		{71AA4958-DC4F-4DA2-9E2F-105CC8ABFBED}.Release|Any CPU.Build.0 = Release|Any CPU
		{E1697AF7-15D5-41E8-9433-D384AA7FD09D}.Debug|Any CPU.ActiveCfg = Debug|Any CPU
		{E1697AF7-15D5-41E8-9433-D384AA7FD09D}.Debug|Any CPU.Build.0 = Debug|Any CPU
		{E1697AF7-15D5-41E8-9433-D384AA7FD09D}.Release|Any CPU.ActiveCfg = Release|Any CPU
		{E1697AF7-15D5-41E8-9433-D384AA7FD09D}.Release|Any CPU.Build.0 = Release|Any CPU
	EndGlobalSection
EndGlobal
